
Microsoft Visual Studio Solution File, Format Version 12.00
# Visual Studio Version 17
VisualStudioVersion = 17.11.35208.52
MinimumVisualStudioVersion = 10.0.40219.1
Project("{FAE04EC0-301F-11D3-BF4B-00C04F79EFBC}") = "SealedClasses", "SealedClasses.csproj", "{F772EB20-9F01-444E-BEE4-33D7AC330D5B}"
EndProject
Global
	GlobalSection(SolutionConfigurationPlatforms) = preSolution
		Debug|Any CPU = Debug|Any CPU
		Release|Any CPU = Release|Any CPU
	EndGlobalSection
	GlobalSection(ProjectConfigurationPlatforms) = postSolution
		{F772EB20-9F01-444E-BEE4-33D7AC330D5B}.Debug|Any CPU.ActiveCfg = Debug|Any CPU
		{F772EB20-9F01-444E-BEE4-33D7AC330D5B}.Debug|Any CPU.Build.0 = Debug|Any CPU
		{F772EB20-9F01-444E-BEE4-33D7AC330D5B}.Release|Any CPU.ActiveCfg = Release|Any CPU
		{F772EB20-9F01-444E-BEE4-33D7AC330D5B}.Release|Any CPU.Build.0 = Release|Any CPU
	EndGlobalSection
	GlobalSection(SolutionProperties) = preSolution
		HideSolutionNode = FALSE
	EndGlobalSection
	GlobalSection(ExtensibilityGlobals) = postSolution
		SolutionGuid = {97D1B230-2EEA-4556-923A-0E3C4B89B903}
	EndGlobalSection
EndGlobal
